{
  "name": "hocr-detect-columns",
  "version": "0.2.1",
  "lockfileVersion": 1,
  "requires": true,
  "dependencies": {
    "@types/node": {
      "version": "https://registry.npmjs.org/@types/node/-/node-6.0.79.tgz",
      "integrity": "sha1-Xv59Sm2MRTx+nq9V2TH0oi+sUWk="
    },
    "ansi-styles": {
      "version": "https://registry.npmjs.org/ansi-styles/-/ansi-styles-3.1.0.tgz",
      "integrity": "sha1-CcIC1ckX7CMYjKpcnLkXnNlUd1A=",
      "requires": {
        "color-convert": "https://registry.npmjs.org/color-convert/-/color-convert-1.9.0.tgz"
      }
    },
    "boolbase": {
      "version": "https://registry.npmjs.org/boolbase/-/boolbase-1.0.0.tgz",
      "integrity": "sha1-aN/1++YMUes3cl6p4+0xDcwed24="
    },
    "chalk": {
      "version": "https://registry.npmjs.org/chalk/-/chalk-2.0.1.tgz",
      "integrity": "sha1-2+xJQ20q4V9TYRTnbRRlbNvA9E0=",
      "requires": {
        "ansi-styles": "https://registry.npmjs.org/ansi-styles/-/ansi-styles-3.1.0.tgz",
        "escape-string-regexp": "https://registry.npmjs.org/escape-string-regexp/-/escape-string-regexp-1.0.5.tgz",
        "supports-color": "https://registry.npmjs.org/supports-color/-/supports-color-4.1.0.tgz"
      }
    },
    "cheerio": {
      "version": "https://registry.npmjs.org/cheerio/-/cheerio-1.0.0-rc.2.tgz",
      "integrity": "sha1-S59TqBsn5NXawxwP/Qz6A8xoMNs=",
      "requires": {
        "css-select": "https://registry.npmjs.org/css-select/-/css-select-1.2.0.tgz",
        "dom-serializer": "https://registry.npmjs.org/dom-serializer/-/dom-serializer-0.1.0.tgz",
        "entities": "https://registry.npmjs.org/entities/-/entities-1.1.1.tgz",
        "htmlparser2": "https://registry.npmjs.org/htmlparser2/-/htmlparser2-3.9.2.tgz",
        "lodash": "https://registry.npmjs.org/lodash/-/lodash-4.17.4.tgz",
        "parse5": "https://registry.npmjs.org/parse5/-/parse5-3.0.2.tgz"
      }
    },
    "color-convert": {
      "version": "https://registry.npmjs.org/color-convert/-/color-convert-1.9.0.tgz",
      "integrity": "sha1-Gsz5fdc5uYO/mU1W/sj5WFNkG3o=",
      "requires": {
        "color-name": "https://registry.npmjs.org/color-name/-/color-name-1.1.2.tgz"
      }
    },
    "color-name": {
      "version": "https://registry.npmjs.org/color-name/-/color-name-1.1.2.tgz",
      "integrity": "sha1-XIq3K2S9IhXWF66VWeuxSEdc+Y0="
    },
    "core-util-is": {
      "version": "https://registry.npmjs.org/core-util-is/-/core-util-is-1.0.2.tgz",
      "integrity": "sha1-tf1UIgqivFq1eqtxQMlAdUUDwac="
    },
    "css-select": {
      "version": "https://registry.npmjs.org/css-select/-/css-select-1.2.0.tgz",
      "integrity": "sha1-KzoRBTnFNV8c2NMUYj6HCxIeyFg=",
      "requires": {
        "boolbase": "https://registry.npmjs.org/boolbase/-/boolbase-1.0.0.tgz",
        "css-what": "https://registry.npmjs.org/css-what/-/css-what-2.1.0.tgz",
        "domutils": "https://registry.npmjs.org/domutils/-/domutils-1.5.1.tgz",
        "nth-check": "https://registry.npmjs.org/nth-check/-/nth-check-1.0.1.tgz"
      }
    },
    "css-what": {
      "version": "https://registry.npmjs.org/css-what/-/css-what-2.1.0.tgz",
      "integrity": "sha1-lGfQMsOM+u+58teVASUwYvh/ob0="
    },
    "dom-serializer": {
      "version": "https://registry.npmjs.org/dom-serializer/-/dom-serializer-0.1.0.tgz",
      "integrity": "sha1-BzxpdUbOB4DOI75KKOKT5AvDDII=",
      "requires": {
        "domelementtype": "https://registry.npmjs.org/domelementtype/-/domelementtype-1.1.3.tgz",
        "entities": "https://registry.npmjs.org/entities/-/entities-1.1.1.tgz"
      },
      "dependencies": {
        "domelementtype": {
          "version": "https://registry.npmjs.org/domelementtype/-/domelementtype-1.1.3.tgz",
          "integrity": "sha1-vSh3PiZCiBrsUVRJJCmcXNgiGFs="
        }
      }
    },
    "domelementtype": {
      "version": "https://registry.npmjs.org/domelementtype/-/domelementtype-1.3.0.tgz",
      "integrity": "sha1-sXrtguirWeUt2cGbF1bg/BhyBMI="
    },
    "domhandler": {
      "version": "https://registry.npmjs.org/domhandler/-/domhandler-2.4.1.tgz",
      "integrity": "sha1-iS5HAAqZvlW783dP/qBWHYh5wlk=",
      "requires": {
        "domelementtype": "https://registry.npmjs.org/domelementtype/-/domelementtype-1.3.0.tgz"
      }
    },
    "domutils": {
      "version": "https://registry.npmjs.org/domutils/-/domutils-1.5.1.tgz",
      "integrity": "sha1-3NhIiib1Y9YQeeSMn3t+Mjc2gs8=",
      "requires": {
        "dom-serializer": "https://registry.npmjs.org/dom-serializer/-/dom-serializer-0.1.0.tgz",
        "domelementtype": "https://registry.npmjs.org/domelementtype/-/domelementtype-1.3.0.tgz"
      }
    },
    "dot": {
      "version": "https://registry.npmjs.org/dot/-/dot-1.1.2.tgz",
      "integrity": "sha1-xzdwGfxOVQeYkosrmv62ar+h8vk="
    },
    "entities": {
      "version": "https://registry.npmjs.org/entities/-/entities-1.1.1.tgz",
      "integrity": "sha1-blwtClYhtdra7O+AuQ7ftc13cvA="
    },
    "escape-string-regexp": {
      "version": "https://registry.npmjs.org/escape-string-regexp/-/escape-string-regexp-1.0.5.tgz",
      "integrity": "sha1-G2HAViGQqN/2rjuyzwIAyhMLhtQ="
    },
    "has-flag": {
      "version": "https://registry.npmjs.org/has-flag/-/has-flag-2.0.0.tgz",
      "integrity": "sha1-6CB68cx7MNRGzHC3NLXovhj4jVE="
    },
    "highland": {
      "version": "https://registry.npmjs.org/highland/-/highland-2.11.1.tgz",
      "integrity": "sha1-ObTZKZtuB9o9FeeveypvEnUirK8=",
      "requires": {
        "util-deprecate": "https://registry.npmjs.org/util-deprecate/-/util-deprecate-1.0.2.tgz"
      }
    },
    "htmlparser2": {
      "version": "https://registry.npmjs.org/htmlparser2/-/htmlparser2-3.9.2.tgz",
      "integrity": "sha1-G9+HrMoPP55T+k/M6w9LTLsAszg=",
      "requires": {
        "domelementtype": "https://registry.npmjs.org/domelementtype/-/domelementtype-1.3.0.tgz",
        "domhandler": "https://registry.npmjs.org/domhandler/-/domhandler-2.4.1.tgz",
        "domutils": "https://registry.npmjs.org/domutils/-/domutils-1.5.1.tgz",
        "entities": "https://registry.npmjs.org/entities/-/entities-1.1.1.tgz",
        "inherits": "https://registry.npmjs.org/inherits/-/inherits-2.0.3.tgz",
        "readable-stream": "https://registry.npmjs.org/readable-stream/-/readable-stream-2.3.3.tgz"
      }
    },
    "inherits": {
      "version": "https://registry.npmjs.org/inherits/-/inherits-2.0.3.tgz",
      "integrity": "sha1-Yzwsg+PaQqUC9SRmAiSA9CCCYd4="
    },
    "isarray": {
      "version": "https://registry.npmjs.org/isarray/-/isarray-1.0.0.tgz",
      "integrity": "sha1-u5NdSFgsuhaMBoNJV6VKPgcSTxE="
    },
    "lodash": {
      "version": "https://registry.npmjs.org/lodash/-/lodash-4.17.4.tgz",
      "integrity": "sha1-eCA6TRwyiuHYbcpkYONptX9AVa4="
    },
    "minimist": {
      "version": "https://registry.npmjs.org/minimist/-/minimist-1.2.0.tgz",
      "integrity": "sha1-o1AIsg9BOD7sH7kU9M1d95omQoQ="
    },
    "nth-check": {
      "version": "https://registry.npmjs.org/nth-check/-/nth-check-1.0.1.tgz",
      "integrity": "sha1-mSms32KPwsQQmN6rgqxYDPFJquQ=",
      "requires": {
        "boolbase": "https://registry.npmjs.org/boolbase/-/boolbase-1.0.0.tgz"
      }
    },
    "parse5": {
      "version": "https://registry.npmjs.org/parse5/-/parse5-3.0.2.tgz",
      "integrity": "sha1-Be/1fw70V3+xRKefi5qWemzERRA=",
      "requires": {
        "@types/node": "https://registry.npmjs.org/@types/node/-/node-6.0.79.tgz"
      }
    },
    "process-nextick-args": {
      "version": "https://registry.npmjs.org/process-nextick-args/-/process-nextick-args-1.0.7.tgz",
      "integrity": "sha1-FQ4gt1ZZCtP5EJPyWk8q2L/zC6M="
    },
    "quickselect": {
      "version": "https://registry.npmjs.org/quickselect/-/quickselect-1.0.0.tgz",
      "integrity": "sha1-AmMIGPmq5OyrJvAQP5jQYcF8WPM="
    },
    "ramda": {
      "version": "https://registry.npmjs.org/ramda/-/ramda-0.24.1.tgz",
      "integrity": "sha1-w7d1UZfzW43DUCIoJixMkd22uFc="
    },
    "rbush": {
      "version": "https://registry.npmjs.org/rbush/-/rbush-2.0.1.tgz",
      "integrity": "sha1-TPrKKMMGS8DudUMaG3mZDode76k=",
      "requires": {
        "quickselect": "https://registry.npmjs.org/quickselect/-/quickselect-1.0.0.tgz"
      }
    },
    "rbush-knn": {
      "version": "https://registry.npmjs.org/rbush-knn/-/rbush-knn-2.0.0.tgz",
      "integrity": "sha1-S2l4x1Y6LZXdixiHGlPLkXneHFQ=",
      "requires": {
        "tinyqueue": "https://registry.npmjs.org/tinyqueue/-/tinyqueue-1.2.2.tgz"
      }
    },
    "readable-stream": {
      "version": "https://registry.npmjs.org/readable-stream/-/readable-stream-2.3.3.tgz",
      "integrity": "sha1-No8lEtefnUb9/HE0mueHi7weuVw=",
      "requires": {
        "core-util-is": "https://registry.npmjs.org/core-util-is/-/core-util-is-1.0.2.tgz",
        "inherits": "https://registry.npmjs.org/inherits/-/inherits-2.0.3.tgz",
        "isarray": "https://registry.npmjs.org/isarray/-/isarray-1.0.0.tgz",
        "process-nextick-args": "https://registry.npmjs.org/process-nextick-args/-/process-nextick-args-1.0.7.tgz",
        "safe-buffer": "https://registry.npmjs.org/safe-buffer/-/safe-buffer-5.1.1.tgz",
        "string_decoder": "https://registry.npmjs.org/string_decoder/-/string_decoder-1.0.3.tgz",
        "util-deprecate": "https://registry.npmjs.org/util-deprecate/-/util-deprecate-1.0.2.tgz"
      }
    },
    "safe-buffer": {
      "version": "https://registry.npmjs.org/safe-buffer/-/safe-buffer-5.1.1.tgz",
      "integrity": "sha1-iTMSr2myEj3vcfV4iQAWce6yyFM="
    },
    "simple-statistics": {
      "version": "https://registry.npmjs.org/simple-statistics/-/simple-statistics-4.1.0.tgz",
      "integrity": "sha1-mp1K+XJ6lJ9CCFEk7aiq4lLqk/Q="
    },
    "string_decoder": {
      "version": "https://registry.npmjs.org/string_decoder/-/string_decoder-1.0.3.tgz",
      "integrity": "sha1-D8Z9fBQYJd6UKC3VNr7GubzoYKs=",
      "requires": {
        "safe-buffer": "https://registry.npmjs.org/safe-buffer/-/safe-buffer-5.1.1.tgz"
      }
    },
    "supports-color": {
      "version": "https://registry.npmjs.org/supports-color/-/supports-color-4.1.0.tgz",
      "integrity": "sha1-kswUuz2tiSjKVlbDPhmhnyCvXHo=",
      "requires": {
        "has-flag": "https://registry.npmjs.org/has-flag/-/has-flag-2.0.0.tgz"
      }
    },
    "tinyqueue": {
      "version": "https://registry.npmjs.org/tinyqueue/-/tinyqueue-1.2.2.tgz",
      "integrity": "sha1-lHIp5eQZerqYis0ndR3MWC5nKP8="
    },
    "util-deprecate": {
      "version": "https://registry.npmjs.org/util-deprecate/-/util-deprecate-1.0.2.tgz",
      "integrity": "sha1-RQ1Nyfpw3nMnYvvS1KKJgUGaDM8="
    }
  }
}
